// !$*UTF8*$!
{
	archiveVersion = 1;
	classes = {
	};
	objectVersion = 55;
	objects = {

/* Begin PBXBuildFile section */
		684E959C28540AF700B6EA9D /* Assets.xcassets in Resources */ = {isa = PBXBuildFile; fileRef = 684E959B28540AF700B6EA9D /* Assets.xcassets */; };
		684E95A128540AF700B6EA9D /* main.cpp in Sources */ = {isa = PBXBuildFile; fileRef = 684E95A028540AF700B6EA9D /* main.cpp */; };
		684E95AA28540EE700B6EA9D /* Cocoa.framework in Frameworks */ = {isa = PBXBuildFile; fileRef = 684E95A928540EE700B6EA9D /* Cocoa.framework */; };
		684E95AC28540EED00B6EA9D /* CoreVideo.framework in Frameworks */ = {isa = PBXBuildFile; fileRef = 684E95AB28540EED00B6EA9D /* CoreVideo.framework */; };
		684E95AE28540EF400B6EA9D /* IOKit.framework in Frameworks */ = {isa = PBXBuildFile; fileRef = 684E95AD28540EF400B6EA9D /* IOKit.framework */; };
		684E95B028540EFC00B6EA9D /* OpenGL.framework in Frameworks */ = {isa = PBXBuildFile; fileRef = 684E95AF28540EFC00B6EA9D /* OpenGL.framework */; };
		684E95B228540F1200B6EA9D /* libraylib.a in Frameworks */ = {isa = PBXBuildFile; fileRef = 684E95B128540F1200B6EA9D /* libraylib.a */; };
		684E95B528540F7100B6EA9D /* CppFile.mm in Sources */ = {isa = PBXBuildFile; fileRef = 684E95B328540F7000B6EA9D /* CppFile.mm */; };
		684E95B7285417E700B6EA9D /* billboard.png in Resources */ = {isa = PBXBuildFile; fileRef = 684E95B6285417E700B6EA9D /* billboard.png */; };
/* End PBXBuildFile section */

/* Begin PBXFileReference section */
		684E959228540AF200B6EA9D /* raylib-image.app */ = {isa = PBXFileReference; explicitFileType = wrapper.application; includeInIndex = 0; path = "raylib-image.app"; sourceTree = BUILT_PRODUCTS_DIR; };
		684E959B28540AF700B6EA9D /* Assets.xcassets */ = {isa = PBXFileReference; lastKnownFileType = folder.assetcatalog; path = Assets.xcassets; sourceTree = "<group>"; };
		684E95A028540AF700B6EA9D /* main.cpp */ = {isa = PBXFileReference; lastKnownFileType = sourcecode.cpp.cpp; path = main.cpp; sourceTree = "<group>"; };
		684E95A228540AF700B6EA9D /* raylib_image.entitlements */ = {isa = PBXFileReference; lastKnownFileType = text.plist.entitlements; path = raylib_image.entitlements; sourceTree = "<group>"; };
		684E95A928540EE700B6EA9D /* Cocoa.framework */ = {isa = PBXFileReference; lastKnownFileType = wrapper.framework; name = Cocoa.framework; path = System/Library/Frameworks/Cocoa.framework; sourceTree = SDKROOT; };
		684E95AB28540EED00B6EA9D /* CoreVideo.framework */ = {isa = PBXFileReference; lastKnownFileType = wrapper.framework; name = CoreVideo.framework; path = System/Library/Frameworks/CoreVideo.framework; sourceTree = SDKROOT; };
		684E95AD28540EF400B6EA9D /* IOKit.framework */ = {isa = PBXFileReference; lastKnownFileType = wrapper.framework; name = IOKit.framework; path = System/Library/Frameworks/IOKit.framework; sourceTree = SDKROOT; };
		684E95AF28540EFC00B6EA9D /* OpenGL.framework */ = {isa = PBXFileReference; lastKnownFileType = wrapper.framework; name = OpenGL.framework; path = System/Library/Frameworks/OpenGL.framework; sourceTree = SDKROOT; };
		684E95B128540F1200B6EA9D /* libraylib.a */ = {isa = PBXFileReference; lastKnownFileType = archive.ar; name = libraylib.a; path = "raylib-master/src/libraylib.a"; sourceTree = "<group>"; };
		684E95B328540F7000B6EA9D /* CppFile.mm */ = {isa = PBXFileReference; fileEncoding = 4; lastKnownFileType = sourcecode.cpp.objcpp; path = CppFile.mm; sourceTree = "<group>"; };
		684E95B428540F7000B6EA9D /* CppFile.h */ = {isa = PBXFileReference; fileEncoding = 4; lastKnownFileType = sourcecode.c.h; path = CppFile.h; sourceTree = "<group>"; };
		684E95B6285417E700B6EA9D /* billboard.png */ = {isa = PBXFileReference; lastKnownFileType = image.png; path = billboard.png; sourceTree = "<group>"; };
/* End PBXFileReference section */

/* Begin PBXFrameworksBuildPhase section */
		684E958F28540AF200B6EA9D /* Frameworks */ = {
			isa = PBXFrameworksBuildPhase;
			buildActionMask = 2147483647;
			files = (
				684E95B028540EFC00B6EA9D /* OpenGL.framework in Frameworks */,
				684E95AE28540EF400B6EA9D /* IOKit.framework in Frameworks */,
				684E95AC28540EED00B6EA9D /* CoreVideo.framework in Frameworks */,
				684E95AA28540EE700B6EA9D /* Cocoa.framework in Frameworks */,
				684E95B228540F1200B6EA9D /* libraylib.a in Frameworks */,
			);
			runOnlyForDeploymentPostprocessing = 0;
		};
/* End PBXFrameworksBuildPhase section */

/* Begin PBXGroup section */
		684E958928540AF200B6EA9D = {
			isa = PBXGroup;
			children = (
				684E959428540AF200B6EA9D /* raylib-image */,
				684E959328540AF200B6EA9D /* Products */,
				684E95A828540EE600B6EA9D /* Frameworks */,
			);
			sourceTree = "<group>";
		};
		684E959328540AF200B6EA9D /* Products */ = {
			isa = PBXGroup;
			children = (
				684E959228540AF200B6EA9D /* raylib-image.app */,
			);
			name = Products;
			sourceTree = "<group>";
		};
		684E959428540AF200B6EA9D /* raylib-image */ = {
			isa = PBXGroup;
			children = (
				684E959B28540AF700B6EA9D /* Assets.xcassets */,
				684E95A028540AF700B6EA9D /* main.cpp */,
				684E95B6285417E700B6EA9D /* billboard.png */,
				684E95A228540AF700B6EA9D /* raylib_image.entitlements */,
				684E95B428540F7000B6EA9D /* CppFile.h */,
				684E95B328540F7000B6EA9D /* CppFile.mm */,
			);
			path = "raylib-image";
			sourceTree = "<group>";
		};
		684E95A828540EE600B6EA9D /* Frameworks */ = {
			isa = PBXGroup;
			children = (
				684E95B128540F1200B6EA9D /* libraylib.a */,
				684E95AF28540EFC00B6EA9D /* OpenGL.framework */,
				684E95AD28540EF400B6EA9D /* IOKit.framework */,
				684E95AB28540EED00B6EA9D /* CoreVideo.framework */,
				684E95A928540EE700B6EA9D /* Cocoa.framework */,
			);
			name = Frameworks;
			sourceTree = "<group>";
		};
/* End PBXGroup section */

/* Begin PBXNativeTarget section */
		684E959128540AF200B6EA9D /* raylib-image */ = {
			isa = PBXNativeTarget;
			buildConfigurationList = 684E95A528540AF700B6EA9D /* Build configuration list for PBXNativeTarget "raylib-image" */;
			buildPhases = (
				684E958E28540AF200B6EA9D /* Sources */,
				684E958F28540AF200B6EA9D /* Frameworks */,
				684E959028540AF200B6EA9D /* Resources */,
			);
			buildRules = (
			);
			dependencies = (
			);
			name = "raylib-image";
			productName = "raylib-image";
			productReference = 684E959228540AF200B6EA9D /* raylib-image.app */;
			productType = "com.apple.product-type.application";
		};
/* End PBXNativeTarget section */

/* Begin PBXProject section */
		684E958A28540AF200B6EA9D /* Project object */ = {
			isa = PBXProject;
			attributes = {
				BuildIndependentTargetsInParallel = 1;
				LastUpgradeCheck = 1320;
				TargetAttributes = {
					684E959128540AF200B6EA9D = {
						CreatedOnToolsVersion = 13.2.1;
					};
				};
			};
			buildConfigurationList = 684E958D28540AF200B6EA9D /* Build configuration list for PBXProject "raylib-image" */;
			compatibilityVersion = "Xcode 13.0";
			developmentRegion = en;
			hasScannedForEncodings = 0;
			knownRegions = (
				en,
				Base,
			);
			mainGroup = 684E958928540AF200B6EA9D;
			productRefGroup = 684E959328540AF200B6EA9D /* Products */;
			projectDirPath = "";
			projectRoot = "";
			targets = (
				684E959128540AF200B6EA9D /* raylib-image */,
			);
		};
/* End PBXProject section */

/* Begin PBXResourcesBuildPhase section */
		684E959028540AF200B6EA9D /* Resources */ = {
			isa = PBXResourcesBuildPhase;
			buildActionMask = 2147483647;
			files = (
				684E959C28540AF700B6EA9D /* Assets.xcassets in Resources */,
				684E95B7285417E700B6EA9D /* billboard.png in Resources */,
			);
			runOnlyForDeploymentPostprocessing = 0;
		};
/* End PBXResourcesBuildPhase section */

/* Begin PBXSourcesBuildPhase section */
		684E958E28540AF200B6EA9D /* Sources */ = {
			isa = PBXSourcesBuildPhase;
			buildActionMask = 2147483647;
			files = (
				684E95A128540AF700B6EA9D /* main.cpp in Sources */,
				684E95B528540F7100B6EA9D /* CppFile.mm in Sources */,
			);
			runOnlyForDeploymentPostprocessing = 0;
		};
/* End PBXSourcesBuildPhase section */

/* Begin XCBuildConfiguration section */
		684E95A328540AF700B6EA9D /* Debug */ = {
			isa = XCBuildConfiguration;
			buildSettings = {
				ALWAYS_SEARCH_USER_PATHS = NO;
				CLANG_ANALYZER_NONNULL = YES;
				CLANG_ANALYZER_NUMBER_OBJECT_CONVERSION = YES_AGGRESSIVE;
				CLANG_CXX_LANGUAGE_STANDARD = "gnu++17";
				CLANG_CXX_LIBRARY = "libc++";
				CLANG_ENABLE_MODULES = YES;
				CLANG_ENABLE_OBJC_ARC = YES;
				CLANG_ENABLE_OBJC_WEAK = YES;
				CLANG_WARN_BLOCK_CAPTURE_AUTORELEASING = YES;
				CLANG_WARN_BOOL_CONVERSION = YES;
				CLANG_WARN_COMMA = YES;
				CLANG_WARN_CONSTANT_CONVERSION = YES;
				CLANG_WARN_DEPRECATED_OBJC_IMPLEMENTATIONS = YES;
				CLANG_WARN_DIRECT_OBJC_ISA_USAGE = YES_ERROR;
				CLANG_WARN_DOCUMENTATION_COMMENTS = YES;
				CLANG_WARN_EMPTY_BODY = YES;
				CLANG_WARN_ENUM_CONVERSION = YES;
				CLANG_WARN_INFINITE_RECURSION = YES;
				CLANG_WARN_INT_CONVERSION = YES;
				CLANG_WARN_NON_LITERAL_NULL_CONVERSION = YES;
				CLANG_WARN_OBJC_IMPLICIT_RETAIN_SELF = YES;
				CLANG_WARN_OBJC_LITERAL_CONVERSION = YES;
				CLANG_WARN_OBJC_ROOT_CLASS = YES_ERROR;
				CLANG_WARN_QUOTED_INCLUDE_IN_FRAMEWORK_HEADER = YES;
				CLANG_WARN_RANGE_LOOP_ANALYSIS = YES;
				CLANG_WARN_STRICT_PROTOTYPES = YES;
				CLANG_WARN_SUSPICIOUS_MOVE = YES;
				CLANG_WARN_UNGUARDED_AVAILABILITY = YES_AGGRESSIVE;
				CLANG_WARN_UNREACHABLE_CODE = YES;
				CLANG_WARN__DUPLICATE_METHOD_MATCH = YES;
				COPY_PHASE_STRIP = NO;
				DEBUG_INFORMATION_FORMAT = dwarf;
				ENABLE_STRICT_OBJC_MSGSEND = YES;
				ENABLE_TESTABILITY = YES;
				GCC_C_LANGUAGE_STANDARD = gnu11;
				GCC_DYNAMIC_NO_PIC = NO;
				GCC_NO_COMMON_BLOCKS = YES;
				GCC_OPTIMIZATION_LEVEL = 0;
				GCC_PREPROCESSOR_DEFINITIONS = (
					"DEBUG=1",
					"$(inherited)",
				);
				GCC_WARN_64_TO_32_BIT_CONVERSION = YES;
				GCC_WARN_ABOUT_RETURN_TYPE = YES_ERROR;
				GCC_WARN_UNDECLARED_SELECTOR = YES;
				GCC_WARN_UNINITIALIZED_AUTOS = YES_AGGRESSIVE;
				GCC_WARN_UNUSED_FUNCTION = YES;
				GCC_WARN_UNUSED_VARIABLE = YES;
				MACOSX_DEPLOYMENT_TARGET = 11.6;
				MTL_ENABLE_DEBUG_INFO = INCLUDE_SOURCE;
				MTL_FAST_MATH = YES;
				ONLY_ACTIVE_ARCH = YES;
				SDKROOT = macosx;
			};
			name = Debug;
		};
		684E95A428540AF700B6EA9D /* Release */ = {
			isa = XCBuildConfiguration;
			buildSettings = {
				ALWAYS_SEARCH_USER_PATHS = NO;
				CLANG_ANALYZER_NONNULL = YES;
				CLANG_ANALYZER_NUMBER_OBJECT_CONVERSION = YES_AGGRESSIVE;
				CLANG_CXX_LANGUAGE_STANDARD = "gnu++17";
				CLANG_CXX_LIBRARY = "libc++";
				CLANG_ENABLE_MODULES = YES;
				CLANG_ENABLE_OBJC_ARC = YES;
				CLANG_ENABLE_OBJC_WEAK = YES;
				CLANG_WARN_BLOCK_CAPTURE_AUTORELEASING = YES;
				CLANG_WARN_BOOL_CONVERSION = YES;
				CLANG_WARN_COMMA = YES;
				CLANG_WARN_CONSTANT_CONVERSION = YES;
				CLANG_WARN_DEPRECATED_OBJC_IMPLEMENTATIONS = YES;
				CLANG_WARN_DIRECT_OBJC_ISA_USAGE = YES_ERROR;
				CLANG_WARN_DOCUMENTATION_COMMENTS = YES;
				CLANG_WARN_EMPTY_BODY = YES;
				CLANG_WARN_ENUM_CONVERSION = YES;
				CLANG_WARN_INFINITE_RECURSION = YES;
				CLANG_WARN_INT_CONVERSION = YES;
				CLANG_WARN_NON_LITERAL_NULL_CONVERSION = YES;
				CLANG_WARN_OBJC_IMPLICIT_RETAIN_SELF = YES;
				CLANG_WARN_OBJC_LITERAL_CONVERSION = YES;
				CLANG_WARN_OBJC_ROOT_CLASS = YES_ERROR;
				CLANG_WARN_QUOTED_INCLUDE_IN_FRAMEWORK_HEADER = YES;
				CLANG_WARN_RANGE_LOOP_ANALYSIS = YES;
				CLANG_WARN_STRICT_PROTOTYPES = YES;
				CLANG_WARN_SUSPICIOUS_MOVE = YES;
				CLANG_WARN_UNGUARDED_AVAILABILITY = YES_AGGRESSIVE;
				CLANG_WARN_UNREACHABLE_CODE = YES;
				CLANG_WARN__DUPLICATE_METHOD_MATCH = YES;
				COPY_PHASE_STRIP = NO;
				DEBUG_INFORMATION_FORMAT = "dwarf-with-dsym";
				ENABLE_NS_ASSERTIONS = NO;
				ENABLE_STRICT_OBJC_MSGSEND = YES;
				GCC_C_LANGUAGE_STANDARD = gnu11;
				GCC_NO_COMMON_BLOCKS = YES;
				GCC_WARN_64_TO_32_BIT_CONVERSION = YES;
				GCC_WARN_ABOUT_RETURN_TYPE = YES_ERROR;
				GCC_WARN_UNDECLARED_SELECTOR = YES;
				GCC_WARN_UNINITIALIZED_AUTOS = YES_AGGRESSIVE;
				GCC_WARN_UNUSED_FUNCTION = YES;
				GCC_WARN_UNUSED_VARIABLE = YES;
				MACOSX_DEPLOYMENT_TARGET = 11.6;
				MTL_ENABLE_DEBUG_INFO = NO;
				MTL_FAST_MATH = YES;
				SDKROOT = macosx;
			};
			name = Release;
		};
		684E95A628540AF700B6EA9D /* Debug */ = {
			isa = XCBuildConfiguration;
			buildSettings = {
				ASSETCATALOG_COMPILER_APPICON_NAME = AppIcon;
				ASSETCATALOG_COMPILER_GLOBAL_ACCENT_COLOR_NAME = AccentColor;
				CODE_SIGN_ENTITLEMENTS = "raylib-image/raylib_image.entitlements";
				CODE_SIGN_STYLE = Automatic;
				COMBINE_HIDPI_IMAGES = YES;
				CURRENT_PROJECT_VERSION = 1;
				DEVELOPMENT_TEAM = D5QSY59Z9J;
				ENABLE_HARDENED_RUNTIME = YES;
				GENERATE_INFOPLIST_FILE = YES;
				HEADER_SEARCH_PATHS = "\"$(SRCROOT)/raylib-master/src\"";
				INFOPLIST_KEY_NSHumanReadableCopyright = "";
				INFOPLIST_KEY_NSMainStoryboardFile = Main;
				INFOPLIST_KEY_NSPrincipalClass = NSApplication;
				LD_RUNPATH_SEARCH_PATHS = (
					"$(inherited)",
					"@executable_path/../Frameworks",
				);
				LIBRARY_SEARCH_PATHS = (
					"$(inherited)",
					"$(PROJECT_DIR)/raylib-master/src",
				);
				MARKETING_VERSION = 1.0;
				PRODUCT_BUNDLE_IDENTIFIER = "suda.edu.cn.raylib-image";
				PRODUCT_NAME = "$(TARGET_NAME)";
				SWIFT_EMIT_LOC_STRINGS = YES;
			};
			name = Debug;
		};
		684E95A728540AF700B6EA9D /* Release */ = {
			isa = XCBuildConfiguration;
			buildSettings = {
				ASSETCATALOG_COMPILER_APPICON_NAME = AppIcon;
				ASSETCATALOG_COMPILER_GLOBAL_ACCENT_COLOR_NAME = AccentColor;
				CODE_SIGN_ENTITLEMENTS = "raylib-image/raylib_image.entitlements";
				CODE_SIGN_STYLE = Automatic;
				COMBINE_HIDPI_IMAGES = YES;
				CURRENT_PROJECT_VERSION = 1;
				DEVELOPMENT_TEAM = D5QSY59Z9J;
				ENABLE_HARDENED_RUNTIME = YES;
				GENERATE_INFOPLIST_FILE = YES;
				HEADER_SEARCH_PATHS = "\"$(SRCROOT)/raylib-master/src\"";
				INFOPLIST_KEY_NSHumanReadableCopyright = "";
				INFOPLIST_KEY_NSMainStoryboardFile = Main;
				INFOPLIST_KEY_NSPrincipalClass = NSApplication;
				LD_RUNPATH_SEARCH_PATHS = (
					"$(inherited)",
					"@executable_path/../Frameworks",
				);
				LIBRARY_SEARCH_PATHS = (
					"$(inherited)",
					"$(PROJECT_DIR)/raylib-master/src",
				);
				MARKETING_VERSION = 1.0;
				PRODUCT_BUNDLE_IDENTIFIER = "suda.edu.cn.raylib-image";
				PRODUCT_NAME = "$(TARGET_NAME)";
				SWIFT_EMIT_LOC_STRINGS = YES;
			};
			name = Release;
		};
/* End XCBuildConfiguration section */

/* Begin XCConfigurationList section */
		684E958D28540AF200B6EA9D /* Build configuration list for PBXProject "raylib-image" */ = {
			isa = XCConfigurationList;
			buildConfigurations = (
				684E95A328540AF700B6EA9D /* Debug */,
				684E95A428540AF700B6EA9D /* Release */,
			);
			defaultConfigurationIsVisible = 0;
			defaultConfigurationName = Release;
		};
		684E95A528540AF700B6EA9D /* Build configuration list for PBXNativeTarget "raylib-image" */ = {
			isa = XCConfigurationList;
			buildConfigurations = (
				684E95A628540AF700B6EA9D /* Debug */,
				684E95A728540AF700B6EA9D /* Release */,
			);
			defaultConfigurationIsVisible = 0;
			defaultConfigurationName = Release;
		};
/* End XCConfigurationList section */
	};
	rootObject = 684E958A28540AF200B6EA9D /* Project object */;
}
